
Microsoft Visual Studio Solution File, Format Version 12.00
# Visual Studio Version 17
VisualStudioVersion = 17.10.34928.147
MinimumVisualStudioVersion = 10.0.40219.1
Project("{9A19103F-16F7-4668-BE54-9A1E7A4F7556}") = "AlmaMaria_AP1_1", "AlmaMaria_AP1_1.csproj", "{AD8A1384-BD2B-4304-A733-ACF4B952B21D}"
EndProject
Global
	GlobalSection(SolutionConfigurationPlatforms) = preSolution
		Debug|Any CPU = Debug|Any CPU
		Release|Any CPU = Release|Any CPU
	EndGlobalSection
	GlobalSection(ProjectConfigurationPlatforms) = postSolution
		{AD8A1384-BD2B-4304-A733-ACF4B952B21D}.Debug|Any CPU.ActiveCfg = Debug|Any CPU
		{AD8A1384-BD2B-4304-A733-ACF4B952B21D}.Debug|Any CPU.Build.0 = Debug|Any CPU
		{AD8A1384-BD2B-4304-A733-ACF4B952B21D}.Release|Any CPU.ActiveCfg = Release|Any CPU
		{AD8A1384-BD2B-4304-A733-ACF4B952B21D}.Release|Any CPU.Build.0 = Release|Any CPU
	EndGlobalSection
	GlobalSection(SolutionProperties) = preSolution
		HideSolutionNode = FALSE
	EndGlobalSection
	GlobalSection(ExtensibilityGlobals) = postSolution
		SolutionGuid = {F0A34154-4572-44E3-B390-F3A6E6058681}
	EndGlobalSection
EndGlobal
